// !$*UTF8*$!
{
	archiveVersion = 1;
	classes = {
	};
	objectVersion = 56;
	objects = {

/* Begin PBXBuildFile section */
		3F463655BBE3A0A72FDAE98E /* Pods_Talkshop_Test_Demo.framework in Frameworks */ = {isa = PBXBuildFile; fileRef = 022473A571A7D8237F913131 /* Pods_Talkshop_Test_Demo.framework */; };
		4012F95B2BEFBDA000BD5F0E /* AppDelegate.swift in Sources */ = {isa = PBXBuildFile; fileRef = 4012F95A2BEFBDA000BD5F0E /* AppDelegate.swift */; };
		4012F95D2BEFBDA000BD5F0E /* SceneDelegate.swift in Sources */ = {isa = PBXBuildFile; fileRef = 4012F95C2BEFBDA000BD5F0E /* SceneDelegate.swift */; };
		4012F9642BEFBDA100BD5F0E /* Assets.xcassets in Resources */ = {isa = PBXBuildFile; fileRef = 4012F9632BEFBDA100BD5F0E /* Assets.xcassets */; };
		4012F9672BEFBDA100BD5F0E /* Base in Resources */ = {isa = PBXBuildFile; fileRef = 4012F9662BEFBDA100BD5F0E /* Base */; };
		4012F96F2BEFBED200BD5F0E /* TSTabViewController.swift in Sources */ = {isa = PBXBuildFile; fileRef = 4012F96E2BEFBED200BD5F0E /* TSTabViewController.swift */; };
		4012F9712BEFC05A00BD5F0E /* MyFeedViewController.swift in Sources */ = {isa = PBXBuildFile; fileRef = 4012F9702BEFC05A00BD5F0E /* MyFeedViewController.swift */; };
		4012F9732BEFC06900BD5F0E /* MyProfileViewController.swift in Sources */ = {isa = PBXBuildFile; fileRef = 4012F9722BEFC06900BD5F0E /* MyProfileViewController.swift */; };
		4012F97A2BEFD31200BD5F0E /* FeedCell.swift in Sources */ = {isa = PBXBuildFile; fileRef = 4012F9792BEFD31200BD5F0E /* FeedCell.swift */; };
		4012F9862BEFD8D200BD5F0E /* TSViewControllerFactory.swift in Sources */ = {isa = PBXBuildFile; fileRef = 4012F9852BEFD8D200BD5F0E /* TSViewControllerFactory.swift */; };
		4012F9882BEFD8F400BD5F0E /* TSViewControllerFactoryProtocol.swift in Sources */ = {isa = PBXBuildFile; fileRef = 4012F9872BEFD8F400BD5F0E /* TSViewControllerFactoryProtocol.swift */; };
		4012F98A2BEFDB2D00BD5F0E /* AppStyle.swift in Sources */ = {isa = PBXBuildFile; fileRef = 4012F9892BEFDB2D00BD5F0E /* AppStyle.swift */; };
		4012F98C2BEFDF5F00BD5F0E /* Localizable.xcstrings in Resources */ = {isa = PBXBuildFile; fileRef = 4012F98B2BEFDF5F00BD5F0E /* Localizable.xcstrings */; };
		4012F98F2BEFE03600BD5F0E /* Strings + Extension.swift in Sources */ = {isa = PBXBuildFile; fileRef = 4012F98E2BEFE03600BD5F0E /* Strings + Extension.swift */; };
		4012F9912BF0D0B400BD5F0E /* MyFeedViewModel.swift in Sources */ = {isa = PBXBuildFile; fileRef = 4012F9902BF0D0B400BD5F0E /* MyFeedViewModel.swift */; };
		4012F9932BF0D0C600BD5F0E /* MyProfileViewModel.swift in Sources */ = {isa = PBXBuildFile; fileRef = 4012F9922BF0D0C600BD5F0E /* MyProfileViewModel.swift */; };
		4018E8262BF52F6600C2F8DA /* PostsRepository.swift in Sources */ = {isa = PBXBuildFile; fileRef = 4018E8252BF52F6600C2F8DA /* PostsRepository.swift */; };
		4018E8282BF52F8200C2F8DA /* ResponsePost.swift in Sources */ = {isa = PBXBuildFile; fileRef = 4018E8272BF52F8200C2F8DA /* ResponsePost.swift */; };
		4018E82D2BF5308900C2F8DA /* PostsRepositoryProtocol.swift in Sources */ = {isa = PBXBuildFile; fileRef = 4018E82C2BF5308900C2F8DA /* PostsRepositoryProtocol.swift */; };
		4018E82F2BF530CE00C2F8DA /* FetchPostsUseCaseProtocol.swift in Sources */ = {isa = PBXBuildFile; fileRef = 4018E82E2BF530CE00C2F8DA /* FetchPostsUseCaseProtocol.swift */; };
		4018E8312BF530F400C2F8DA /* FetchPostsUseCase.swift in Sources */ = {isa = PBXBuildFile; fileRef = 4018E8302BF530F400C2F8DA /* FetchPostsUseCase.swift */; };
		4018E8332BF5315700C2F8DA /* UseCaseFactoryProtocol.swift in Sources */ = {isa = PBXBuildFile; fileRef = 4018E8322BF5315700C2F8DA /* UseCaseFactoryProtocol.swift */; };
		4018E8352BF5318F00C2F8DA /* UseCaseFactory.swift in Sources */ = {isa = PBXBuildFile; fileRef = 4018E8342BF5318F00C2F8DA /* UseCaseFactory.swift */; };
		4018E8372BF531D200C2F8DA /* RepositoryFactoryProtocol.swift in Sources */ = {isa = PBXBuildFile; fileRef = 4018E8362BF531D200C2F8DA /* RepositoryFactoryProtocol.swift */; };
		4018E8392BF531F800C2F8DA /* RepositoryFactory.swift in Sources */ = {isa = PBXBuildFile; fileRef = 4018E8382BF531F800C2F8DA /* RepositoryFactory.swift */; };
		4018E83B2BF532B400C2F8DA /* TSViewModelFactoryProtocol.swift in Sources */ = {isa = PBXBuildFile; fileRef = 4018E83A2BF532B400C2F8DA /* TSViewModelFactoryProtocol.swift */; };
		4018E83D2BF532C600C2F8DA /* TSViewModelFactory.swift in Sources */ = {isa = PBXBuildFile; fileRef = 4018E83C2BF532C600C2F8DA /* TSViewModelFactory.swift */; };
		4079169B2BF9E897009505EC /* UIAlertController + Extension.swift in Sources */ = {isa = PBXBuildFile; fileRef = 4079169A2BF9E897009505EC /* UIAlertController + Extension.swift */; };
		4097C02E2BF64B38008FDE44 /* HeaderView.swift in Sources */ = {isa = PBXBuildFile; fileRef = 4097C02D2BF64B38008FDE44 /* HeaderView.swift */; };
		4097C0302BF665E6008FDE44 /* ResponseUser.swift in Sources */ = {isa = PBXBuildFile; fileRef = 4097C02F2BF665E6008FDE44 /* ResponseUser.swift */; };
		4097C0342BF674E5008FDE44 /* ProfileOverviewCell.swift in Sources */ = {isa = PBXBuildFile; fileRef = 4097C0332BF674E5008FDE44 /* ProfileOverviewCell.swift */; };
		40DC77422BF8F9E200025AC9 /* Post.swift in Sources */ = {isa = PBXBuildFile; fileRef = 40DC77412BF8F9E200025AC9 /* Post.swift */; };
		40DC77442BF8FA1900025AC9 /* User.swift in Sources */ = {isa = PBXBuildFile; fileRef = 40DC77432BF8FA1900025AC9 /* User.swift */; };
		40DC77472BF8FAB100025AC9 /* PostMapper.swift in Sources */ = {isa = PBXBuildFile; fileRef = 40DC77462BF8FAB100025AC9 /* PostMapper.swift */; };
		40DC77492BF8FAB900025AC9 /* UserMapper.swift in Sources */ = {isa = PBXBuildFile; fileRef = 40DC77482BF8FAB900025AC9 /* UserMapper.swift */; };
		40DC774B2BF8FF2F00025AC9 /* MainFactoryProtocol.swift in Sources */ = {isa = PBXBuildFile; fileRef = 40DC774A2BF8FF2F00025AC9 /* MainFactoryProtocol.swift */; };
		40DC774D2BF8FF3700025AC9 /* MainFactory.swift in Sources */ = {isa = PBXBuildFile; fileRef = 40DC774C2BF8FF3700025AC9 /* MainFactory.swift */; };
		40DC77532BF915FB00025AC9 /* UsersRepositoryProtocol.swift in Sources */ = {isa = PBXBuildFile; fileRef = 40DC77522BF915FB00025AC9 /* UsersRepositoryProtocol.swift */; };
		40DC77552BF9161700025AC9 /* UsersRepository.swift in Sources */ = {isa = PBXBuildFile; fileRef = 40DC77542BF9161700025AC9 /* UsersRepository.swift */; };
		40DC77572BF9162A00025AC9 /* FetchUsersUseCaseProtocol.swift in Sources */ = {isa = PBXBuildFile; fileRef = 40DC77562BF9162A00025AC9 /* FetchUsersUseCaseProtocol.swift */; };
		40DC77592BF9163500025AC9 /* FetchUsersUseCase.swift in Sources */ = {isa = PBXBuildFile; fileRef = 40DC77582BF9163500025AC9 /* FetchUsersUseCase.swift */; };
		40DC775B2BF9305700025AC9 /* PostViewController.swift in Sources */ = {isa = PBXBuildFile; fileRef = 40DC775A2BF9305700025AC9 /* PostViewController.swift */; };
		40DC775D2BF9306000025AC9 /* PostViewModel.swift in Sources */ = {isa = PBXBuildFile; fileRef = 40DC775C2BF9306000025AC9 /* PostViewModel.swift */; };
/* End PBXBuildFile section */

/* Begin PBXFileReference section */
		022473A571A7D8237F913131 /* Pods_Talkshop_Test_Demo.framework */ = {isa = PBXFileReference; explicitFileType = wrapper.framework; includeInIndex = 0; path = Pods_Talkshop_Test_Demo.framework; sourceTree = BUILT_PRODUCTS_DIR; };
		0E3876F0169F1D66815D8729 /* Pods-Talkshop Test Demo.release.xcconfig */ = {isa = PBXFileReference; includeInIndex = 1; lastKnownFileType = text.xcconfig; name = "Pods-Talkshop Test Demo.release.xcconfig"; path = "Target Support Files/Pods-Talkshop Test Demo/Pods-Talkshop Test Demo.release.xcconfig"; sourceTree = "<group>"; };
		4012F9572BEFBDA000BD5F0E /* Talkshop Test Demo.app */ = {isa = PBXFileReference; explicitFileType = wrapper.application; includeInIndex = 0; path = "Talkshop Test Demo.app"; sourceTree = BUILT_PRODUCTS_DIR; };
		4012F95A2BEFBDA000BD5F0E /* AppDelegate.swift */ = {isa = PBXFileReference; lastKnownFileType = sourcecode.swift; path = AppDelegate.swift; sourceTree = "<group>"; };
		4012F95C2BEFBDA000BD5F0E /* SceneDelegate.swift */ = {isa = PBXFileReference; lastKnownFileType = sourcecode.swift; path = SceneDelegate.swift; sourceTree = "<group>"; };
		4012F9632BEFBDA100BD5F0E /* Assets.xcassets */ = {isa = PBXFileReference; lastKnownFileType = folder.assetcatalog; path = Assets.xcassets; sourceTree = "<group>"; };
		4012F9662BEFBDA100BD5F0E /* Base */ = {isa = PBXFileReference; lastKnownFileType = file.storyboard; name = Base; path = Base.lproj/LaunchScreen.storyboard; sourceTree = "<group>"; };
		4012F9682BEFBDA100BD5F0E /* Info.plist */ = {isa = PBXFileReference; lastKnownFileType = text.plist.xml; path = Info.plist; sourceTree = "<group>"; };
		4012F96E2BEFBED200BD5F0E /* TSTabViewController.swift */ = {isa = PBXFileReference; lastKnownFileType = sourcecode.swift; path = TSTabViewController.swift; sourceTree = "<group>"; };
		4012F9702BEFC05A00BD5F0E /* MyFeedViewController.swift */ = {isa = PBXFileReference; lastKnownFileType = sourcecode.swift; path = MyFeedViewController.swift; sourceTree = "<group>"; };
		4012F9722BEFC06900BD5F0E /* MyProfileViewController.swift */ = {isa = PBXFileReference; lastKnownFileType = sourcecode.swift; path = MyProfileViewController.swift; sourceTree = "<group>"; };
		4012F9792BEFD31200BD5F0E /* FeedCell.swift */ = {isa = PBXFileReference; lastKnownFileType = sourcecode.swift; path = FeedCell.swift; sourceTree = "<group>"; };
		4012F9852BEFD8D200BD5F0E /* TSViewControllerFactory.swift */ = {isa = PBXFileReference; lastKnownFileType = sourcecode.swift; path = TSViewControllerFactory.swift; sourceTree = "<group>"; };
		4012F9872BEFD8F400BD5F0E /* TSViewControllerFactoryProtocol.swift */ = {isa = PBXFileReference; lastKnownFileType = sourcecode.swift; path = TSViewControllerFactoryProtocol.swift; sourceTree = "<group>"; };
		4012F9892BEFDB2D00BD5F0E /* AppStyle.swift */ = {isa = PBXFileReference; lastKnownFileType = sourcecode.swift; path = AppStyle.swift; sourceTree = "<group>"; };
		4012F98B2BEFDF5F00BD5F0E /* Localizable.xcstrings */ = {isa = PBXFileReference; lastKnownFileType = text.json.xcstrings; path = Localizable.xcstrings; sourceTree = "<group>"; };
		4012F98E2BEFE03600BD5F0E /* Strings + Extension.swift */ = {isa = PBXFileReference; lastKnownFileType = sourcecode.swift; path = "Strings + Extension.swift"; sourceTree = "<group>"; };
		4012F9902BF0D0B400BD5F0E /* MyFeedViewModel.swift */ = {isa = PBXFileReference; lastKnownFileType = sourcecode.swift; path = MyFeedViewModel.swift; sourceTree = "<group>"; };
		4012F9922BF0D0C600BD5F0E /* MyProfileViewModel.swift */ = {isa = PBXFileReference; lastKnownFileType = sourcecode.swift; path = MyProfileViewModel.swift; sourceTree = "<group>"; };
		4018E8252BF52F6600C2F8DA /* PostsRepository.swift */ = {isa = PBXFileReference; lastKnownFileType = sourcecode.swift; path = PostsRepository.swift; sourceTree = "<group>"; };
		4018E8272BF52F8200C2F8DA /* ResponsePost.swift */ = {isa = PBXFileReference; lastKnownFileType = sourcecode.swift; path = ResponsePost.swift; sourceTree = "<group>"; };
		4018E82C2BF5308900C2F8DA /* PostsRepositoryProtocol.swift */ = {isa = PBXFileReference; lastKnownFileType = sourcecode.swift; path = PostsRepositoryProtocol.swift; sourceTree = "<group>"; };
		4018E82E2BF530CE00C2F8DA /* FetchPostsUseCaseProtocol.swift */ = {isa = PBXFileReference; lastKnownFileType = sourcecode.swift; path = FetchPostsUseCaseProtocol.swift; sourceTree = "<group>"; };
		4018E8302BF530F400C2F8DA /* FetchPostsUseCase.swift */ = {isa = PBXFileReference; lastKnownFileType = sourcecode.swift; path = FetchPostsUseCase.swift; sourceTree = "<group>"; };
		4018E8322BF5315700C2F8DA /* UseCaseFactoryProtocol.swift */ = {isa = PBXFileReference; lastKnownFileType = sourcecode.swift; path = UseCaseFactoryProtocol.swift; sourceTree = "<group>"; };
		4018E8342BF5318F00C2F8DA /* UseCaseFactory.swift */ = {isa = PBXFileReference; lastKnownFileType = sourcecode.swift; path = UseCaseFactory.swift; sourceTree = "<group>"; };
		4018E8362BF531D200C2F8DA /* RepositoryFactoryProtocol.swift */ = {isa = PBXFileReference; lastKnownFileType = sourcecode.swift; path = RepositoryFactoryProtocol.swift; sourceTree = "<group>"; };
		4018E8382BF531F800C2F8DA /* RepositoryFactory.swift */ = {isa = PBXFileReference; lastKnownFileType = sourcecode.swift; path = RepositoryFactory.swift; sourceTree = "<group>"; };
		4018E83A2BF532B400C2F8DA /* TSViewModelFactoryProtocol.swift */ = {isa = PBXFileReference; lastKnownFileType = sourcecode.swift; path = TSViewModelFactoryProtocol.swift; sourceTree = "<group>"; };
		4018E83C2BF532C600C2F8DA /* TSViewModelFactory.swift */ = {isa = PBXFileReference; lastKnownFileType = sourcecode.swift; path = TSViewModelFactory.swift; sourceTree = "<group>"; };
		4079169A2BF9E897009505EC /* UIAlertController + Extension.swift */ = {isa = PBXFileReference; lastKnownFileType = sourcecode.swift; path = "UIAlertController + Extension.swift"; sourceTree = "<group>"; };
		4097C02D2BF64B38008FDE44 /* HeaderView.swift */ = {isa = PBXFileReference; lastKnownFileType = sourcecode.swift; path = HeaderView.swift; sourceTree = "<group>"; };
		4097C02F2BF665E6008FDE44 /* ResponseUser.swift */ = {isa = PBXFileReference; lastKnownFileType = sourcecode.swift; path = ResponseUser.swift; sourceTree = "<group>"; };
		4097C0332BF674E5008FDE44 /* ProfileOverviewCell.swift */ = {isa = PBXFileReference; lastKnownFileType = sourcecode.swift; path = ProfileOverviewCell.swift; sourceTree = "<group>"; };
		40DC77412BF8F9E200025AC9 /* Post.swift */ = {isa = PBXFileReference; lastKnownFileType = sourcecode.swift; path = Post.swift; sourceTree = "<group>"; };
		40DC77432BF8FA1900025AC9 /* User.swift */ = {isa = PBXFileReference; lastKnownFileType = sourcecode.swift; path = User.swift; sourceTree = "<group>"; };
		40DC77462BF8FAB100025AC9 /* PostMapper.swift */ = {isa = PBXFileReference; lastKnownFileType = sourcecode.swift; path = PostMapper.swift; sourceTree = "<group>"; };
		40DC77482BF8FAB900025AC9 /* UserMapper.swift */ = {isa = PBXFileReference; lastKnownFileType = sourcecode.swift; path = UserMapper.swift; sourceTree = "<group>"; };
		40DC774A2BF8FF2F00025AC9 /* MainFactoryProtocol.swift */ = {isa = PBXFileReference; lastKnownFileType = sourcecode.swift; path = MainFactoryProtocol.swift; sourceTree = "<group>"; };
		40DC774C2BF8FF3700025AC9 /* MainFactory.swift */ = {isa = PBXFileReference; lastKnownFileType = sourcecode.swift; path = MainFactory.swift; sourceTree = "<group>"; };
		40DC77522BF915FB00025AC9 /* UsersRepositoryProtocol.swift */ = {isa = PBXFileReference; lastKnownFileType = sourcecode.swift; path = UsersRepositoryProtocol.swift; sourceTree = "<group>"; };
		40DC77542BF9161700025AC9 /* UsersRepository.swift */ = {isa = PBXFileReference; lastKnownFileType = sourcecode.swift; path = UsersRepository.swift; sourceTree = "<group>"; };
		40DC77562BF9162A00025AC9 /* FetchUsersUseCaseProtocol.swift */ = {isa = PBXFileReference; lastKnownFileType = sourcecode.swift; path = FetchUsersUseCaseProtocol.swift; sourceTree = "<group>"; };
		40DC77582BF9163500025AC9 /* FetchUsersUseCase.swift */ = {isa = PBXFileReference; lastKnownFileType = sourcecode.swift; path = FetchUsersUseCase.swift; sourceTree = "<group>"; };
		40DC775A2BF9305700025AC9 /* PostViewController.swift */ = {isa = PBXFileReference; lastKnownFileType = sourcecode.swift; path = PostViewController.swift; sourceTree = "<group>"; };
		40DC775C2BF9306000025AC9 /* PostViewModel.swift */ = {isa = PBXFileReference; lastKnownFileType = sourcecode.swift; path = PostViewModel.swift; sourceTree = "<group>"; };
		5AFFC7DF8D89C3EFACA07FF9 /* Pods-Talkshop Test Demo.debug.xcconfig */ = {isa = PBXFileReference; includeInIndex = 1; lastKnownFileType = text.xcconfig; name = "Pods-Talkshop Test Demo.debug.xcconfig"; path = "Target Support Files/Pods-Talkshop Test Demo/Pods-Talkshop Test Demo.debug.xcconfig"; sourceTree = "<group>"; };
/* End PBXFileReference section */

/* Begin PBXFrameworksBuildPhase section */
		4012F9542BEFBDA000BD5F0E /* Frameworks */ = {
			isa = PBXFrameworksBuildPhase;
			buildActionMask = 2147483647;
			files = (
				3F463655BBE3A0A72FDAE98E /* Pods_Talkshop_Test_Demo.framework in Frameworks */,
			);
			runOnlyForDeploymentPostprocessing = 0;
		};
/* End PBXFrameworksBuildPhase section */

/* Begin PBXGroup section */
		4012F94E2BEFBDA000BD5F0E = {
			isa = PBXGroup;
			children = (
				4012F9592BEFBDA000BD5F0E /* Talkshop Test Demo */,
				4012F9582BEFBDA000BD5F0E /* Products */,
				F1DDB5171817B5D3F557CCCE /* Pods */,
				E08043E90A5DC6171208BC87 /* Frameworks */,
			);
			sourceTree = "<group>";
		};
		4012F9582BEFBDA000BD5F0E /* Products */ = {
			isa = PBXGroup;
			children = (
				4012F9572BEFBDA000BD5F0E /* Talkshop Test Demo.app */,
			);
			name = Products;
			sourceTree = "<group>";
		};
		4012F9592BEFBDA000BD5F0E /* Talkshop Test Demo */ = {
			isa = PBXGroup;
			children = (
				4012F9682BEFBDA100BD5F0E /* Info.plist */,
				4012F9842BEFD7C300BD5F0E /* Support Files */,
				4012F97D2BEFD6D400BD5F0E /* Presentation */,
				4012F97C2BEFD6CB00BD5F0E /* Domain */,
				4012F97B2BEFD6C600BD5F0E /* Data */,
				4012F95A2BEFBDA000BD5F0E /* AppDelegate.swift */,
				4012F95C2BEFBDA000BD5F0E /* SceneDelegate.swift */,
			);
			path = "Talkshop Test Demo";
			sourceTree = "<group>";
		};
		4012F9762BEFD2C700BD5F0E /* Custom Views */ = {
			isa = PBXGroup;
			children = (
				4012F9782BEFD2E400BD5F0E /* Headers */,
				4012F9772BEFD2DC00BD5F0E /* Cells */,
			);
			path = "Custom Views";
			sourceTree = "<group>";
		};
		4012F9772BEFD2DC00BD5F0E /* Cells */ = {
			isa = PBXGroup;
			children = (
				4012F9792BEFD31200BD5F0E /* FeedCell.swift */,
				4097C0332BF674E5008FDE44 /* ProfileOverviewCell.swift */,
			);
			path = Cells;
			sourceTree = "<group>";
		};
		4012F9782BEFD2E400BD5F0E /* Headers */ = {
			isa = PBXGroup;
			children = (
				4097C02D2BF64B38008FDE44 /* HeaderView.swift */,
			);
			path = Headers;
			sourceTree = "<group>";
		};
		4012F97B2BEFD6C600BD5F0E /* Data */ = {
			isa = PBXGroup;
			children = (
				4018E8272BF52F8200C2F8DA /* ResponsePost.swift */,
				4097C02F2BF665E6008FDE44 /* ResponseUser.swift */,
			);
			path = Data;
			sourceTree = "<group>";
		};
		4012F97C2BEFD6CB00BD5F0E /* Domain */ = {
			isa = PBXGroup;
			children = (
				40DC77452BF8FAA000025AC9 /* Mapper */,
				4018E82B2BF5301C00C2F8DA /* Use Cases */,
				4018E82A2BF5301300C2F8DA /* Repositories */,
				4018E8292BF5300B00C2F8DA /* Entities */,
			);
			path = Domain;
			sourceTree = "<group>";
		};
		4012F97D2BEFD6D400BD5F0E /* Presentation */ = {
			isa = PBXGroup;
			children = (
				4012F9762BEFD2C700BD5F0E /* Custom Views */,
				4012F97F2BEFD72100BD5F0E /* Features */,
				4012F97E2BEFD71300BD5F0E /* Factories */,
			);
			path = Presentation;
			sourceTree = "<group>";
		};
		4012F97E2BEFD71300BD5F0E /* Factories */ = {
			isa = PBXGroup;
			children = (
				4018E8412BF5347700C2F8DA /* Repositories */,
				4018E8402BF5346D00C2F8DA /* Use Cases */,
				4018E83F2BF5346000C2F8DA /* View Model */,
				4018E83E2BF5345500C2F8DA /* View Controller */,
				40DC774A2BF8FF2F00025AC9 /* MainFactoryProtocol.swift */,
				40DC774C2BF8FF3700025AC9 /* MainFactory.swift */,
			);
			path = Factories;
			sourceTree = "<group>";
		};
		4012F97F2BEFD72100BD5F0E /* Features */ = {
			isa = PBXGroup;
			children = (
				40DC775E2BF9306400025AC9 /* Post */,
				4012F96E2BEFBED200BD5F0E /* TSTabViewController.swift */,
				4012F9812BEFD73400BD5F0E /* My Profile */,
				4012F9802BEFD72B00BD5F0E /* My Feed */,
			);
			path = Features;
			sourceTree = "<group>";
		};
		4012F9802BEFD72B00BD5F0E /* My Feed */ = {
			isa = PBXGroup;
			children = (
				4012F9702BEFC05A00BD5F0E /* MyFeedViewController.swift */,
				4012F9902BF0D0B400BD5F0E /* MyFeedViewModel.swift */,
			);
			path = "My Feed";
			sourceTree = "<group>";
		};
		4012F9812BEFD73400BD5F0E /* My Profile */ = {
			isa = PBXGroup;
			children = (
				4012F9722BEFC06900BD5F0E /* MyProfileViewController.swift */,
				4012F9922BF0D0C600BD5F0E /* MyProfileViewModel.swift */,
			);
			path = "My Profile";
			sourceTree = "<group>";
		};
		4012F9842BEFD7C300BD5F0E /* Support Files */ = {
			isa = PBXGroup;
			children = (
				4012F98D2BEFE02600BD5F0E /* Extensions */,
				4012F9632BEFBDA100BD5F0E /* Assets.xcassets */,
				4012F9652BEFBDA100BD5F0E /* LaunchScreen.storyboard */,
				4012F9892BEFDB2D00BD5F0E /* AppStyle.swift */,
				4012F98B2BEFDF5F00BD5F0E /* Localizable.xcstrings */,
			);
			path = "Support Files";
			sourceTree = "<group>";
		};
		4012F98D2BEFE02600BD5F0E /* Extensions */ = {
			isa = PBXGroup;
			children = (
				4012F98E2BEFE03600BD5F0E /* Strings + Extension.swift */,
				4079169A2BF9E897009505EC /* UIAlertController + Extension.swift */,
			);
			path = Extensions;
			sourceTree = "<group>";
		};
		4018E8292BF5300B00C2F8DA /* Entities */ = {
			isa = PBXGroup;
			children = (
				40DC77412BF8F9E200025AC9 /* Post.swift */,
				40DC77432BF8FA1900025AC9 /* User.swift */,
			);
			path = Entities;
			sourceTree = "<group>";
		};
		4018E82A2BF5301300C2F8DA /* Repositories */ = {
			isa = PBXGroup;
			children = (
				40DC77512BF915E700025AC9 /* Users */,
				40DC774E2BF915CA00025AC9 /* Posts */,
			);
			path = Repositories;
			sourceTree = "<group>";
		};
		4018E82B2BF5301C00C2F8DA /* Use Cases */ = {
			isa = PBXGroup;
			children = (
				40DC77502BF915DE00025AC9 /* Users */,
				40DC774F2BF915D300025AC9 /* Posts */,
			);
			path = "Use Cases";
			sourceTree = "<group>";
		};
		4018E83E2BF5345500C2F8DA /* View Controller */ = {
			isa = PBXGroup;
			children = (
				4012F9852BEFD8D200BD5F0E /* TSViewControllerFactory.swift */,
				4012F9872BEFD8F400BD5F0E /* TSViewControllerFactoryProtocol.swift */,
			);
			path = "View Controller";
			sourceTree = "<group>";
		};
		4018E83F2BF5346000C2F8DA /* View Model */ = {
			isa = PBXGroup;
			children = (
				4018E83A2BF532B400C2F8DA /* TSViewModelFactoryProtocol.swift */,
				4018E83C2BF532C600C2F8DA /* TSViewModelFactory.swift */,
			);
			path = "View Model";
			sourceTree = "<group>";
		};
		4018E8402BF5346D00C2F8DA /* Use Cases */ = {
			isa = PBXGroup;
			children = (
				4018E8322BF5315700C2F8DA /* UseCaseFactoryProtocol.swift */,
				4018E8342BF5318F00C2F8DA /* UseCaseFactory.swift */,
			);
			path = "Use Cases";
			sourceTree = "<group>";
		};
		4018E8412BF5347700C2F8DA /* Repositories */ = {
			isa = PBXGroup;
			children = (
				4018E8362BF531D200C2F8DA /* RepositoryFactoryProtocol.swift */,
				4018E8382BF531F800C2F8DA /* RepositoryFactory.swift */,
			);
			path = Repositories;
			sourceTree = "<group>";
		};
		40DC77452BF8FAA000025AC9 /* Mapper */ = {
			isa = PBXGroup;
			children = (
				40DC77462BF8FAB100025AC9 /* PostMapper.swift */,
				40DC77482BF8FAB900025AC9 /* UserMapper.swift */,
			);
			path = Mapper;
			sourceTree = "<group>";
		};
		40DC774E2BF915CA00025AC9 /* Posts */ = {
			isa = PBXGroup;
			children = (
				4018E8252BF52F6600C2F8DA /* PostsRepository.swift */,
				4018E82C2BF5308900C2F8DA /* PostsRepositoryProtocol.swift */,
			);
			path = Posts;
			sourceTree = "<group>";
		};
		40DC774F2BF915D300025AC9 /* Posts */ = {
			isa = PBXGroup;
			children = (
				4018E82E2BF530CE00C2F8DA /* FetchPostsUseCaseProtocol.swift */,
				4018E8302BF530F400C2F8DA /* FetchPostsUseCase.swift */,
			);
			path = Posts;
			sourceTree = "<group>";
		};
		40DC77502BF915DE00025AC9 /* Users */ = {
			isa = PBXGroup;
			children = (
				40DC77562BF9162A00025AC9 /* FetchUsersUseCaseProtocol.swift */,
				40DC77582BF9163500025AC9 /* FetchUsersUseCase.swift */,
			);
			path = Users;
			sourceTree = "<group>";
		};
		40DC77512BF915E700025AC9 /* Users */ = {
			isa = PBXGroup;
			children = (
				40DC77522BF915FB00025AC9 /* UsersRepositoryProtocol.swift */,
				40DC77542BF9161700025AC9 /* UsersRepository.swift */,
			);
			path = Users;
			sourceTree = "<group>";
		};
		40DC775E2BF9306400025AC9 /* Post */ = {
			isa = PBXGroup;
			children = (
				40DC775A2BF9305700025AC9 /* PostViewController.swift */,
				40DC775C2BF9306000025AC9 /* PostViewModel.swift */,
			);
			path = Post;
			sourceTree = "<group>";
		};
		E08043E90A5DC6171208BC87 /* Frameworks */ = {
			isa = PBXGroup;
			children = (
				022473A571A7D8237F913131 /* Pods_Talkshop_Test_Demo.framework */,
			);
			name = Frameworks;
			sourceTree = "<group>";
		};
		F1DDB5171817B5D3F557CCCE /* Pods */ = {
			isa = PBXGroup;
			children = (
				5AFFC7DF8D89C3EFACA07FF9 /* Pods-Talkshop Test Demo.debug.xcconfig */,
				0E3876F0169F1D66815D8729 /* Pods-Talkshop Test Demo.release.xcconfig */,
			);
			path = Pods;
			sourceTree = "<group>";
		};
/* End PBXGroup section */

/* Begin PBXNativeTarget section */
		4012F9562BEFBDA000BD5F0E /* Talkshop Test Demo */ = {
			isa = PBXNativeTarget;
			buildConfigurationList = 4012F96B2BEFBDA100BD5F0E /* Build configuration list for PBXNativeTarget "Talkshop Test Demo" */;
			buildPhases = (
				5CC0A12373CCB2A108AC80AD /* [CP] Check Pods Manifest.lock */,
				4012F9532BEFBDA000BD5F0E /* Sources */,
				4012F9542BEFBDA000BD5F0E /* Frameworks */,
				4012F9552BEFBDA000BD5F0E /* Resources */,
				A048486679340DE67798E509 /* [CP] Embed Pods Frameworks */,
			);
			buildRules = (
			);
			dependencies = (
			);
			name = "Talkshop Test Demo";
			productName = "Talkshop Test Demo";
			productReference = 4012F9572BEFBDA000BD5F0E /* Talkshop Test Demo.app */;
			productType = "com.apple.product-type.application";
		};
/* End PBXNativeTarget section */

/* Begin PBXProject section */
		4012F94F2BEFBDA000BD5F0E /* Project object */ = {
			isa = PBXProject;
			attributes = {
				BuildIndependentTargetsInParallel = 1;
				LastSwiftUpdateCheck = 1530;
				LastUpgradeCheck = 1530;
				TargetAttributes = {
					4012F9562BEFBDA000BD5F0E = {
						CreatedOnToolsVersion = 15.3;
					};
				};
			};
			buildConfigurationList = 4012F9522BEFBDA000BD5F0E /* Build configuration list for PBXProject "Talkshop Test Demo" */;
			compatibilityVersion = "Xcode 14.0";
			developmentRegion = en;
			hasScannedForEncodings = 0;
			knownRegions = (
				en,
				Base,
			);
			mainGroup = 4012F94E2BEFBDA000BD5F0E;
			productRefGroup = 4012F9582BEFBDA000BD5F0E /* Products */;
			projectDirPath = "";
			projectRoot = "";
			targets = (
				4012F9562BEFBDA000BD5F0E /* Talkshop Test Demo */,
			);
		};
/* End PBXProject section */

/* Begin PBXResourcesBuildPhase section */
		4012F9552BEFBDA000BD5F0E /* Resources */ = {
			isa = PBXResourcesBuildPhase;
			buildActionMask = 2147483647;
			files = (
				4012F9642BEFBDA100BD5F0E /* Assets.xcassets in Resources */,
				4012F98C2BEFDF5F00BD5F0E /* Localizable.xcstrings in Resources */,
				4012F9672BEFBDA100BD5F0E /* Base in Resources */,
			);
			runOnlyForDeploymentPostprocessing = 0;
		};
/* End PBXResourcesBuildPhase section */

/* Begin PBXShellScriptBuildPhase section */
		5CC0A12373CCB2A108AC80AD /* [CP] Check Pods Manifest.lock */ = {
			isa = PBXShellScriptBuildPhase;
			buildActionMask = 2147483647;
			files = (
			);
			inputFileListPaths = (
			);
			inputPaths = (
				"${PODS_PODFILE_DIR_PATH}/Podfile.lock",
				"${PODS_ROOT}/Manifest.lock",
			);
			name = "[CP] Check Pods Manifest.lock";
			outputFileListPaths = (
			);
			outputPaths = (
				"$(DERIVED_FILE_DIR)/Pods-Talkshop Test Demo-checkManifestLockResult.txt",
			);
			runOnlyForDeploymentPostprocessing = 0;
			shellPath = /bin/sh;
			shellScript = "diff \"${PODS_PODFILE_DIR_PATH}/Podfile.lock\" \"${PODS_ROOT}/Manifest.lock\" > /dev/null\nif [ $? != 0 ] ; then\n    # print error to STDERR\n    echo \"error: The sandbox is not in sync with the Podfile.lock. Run 'pod install' or update your CocoaPods installation.\" >&2\n    exit 1\nfi\n# This output is used by Xcode 'outputs' to avoid re-running this script phase.\necho \"SUCCESS\" > \"${SCRIPT_OUTPUT_FILE_0}\"\n";
			showEnvVarsInLog = 0;
		};
		A048486679340DE67798E509 /* [CP] Embed Pods Frameworks */ = {
			isa = PBXShellScriptBuildPhase;
			buildActionMask = 2147483647;
			files = (
			);
			inputFileListPaths = (
				"${PODS_ROOT}/Target Support Files/Pods-Talkshop Test Demo/Pods-Talkshop Test Demo-frameworks-${CONFIGURATION}-input-files.xcfilelist",
			);
			name = "[CP] Embed Pods Frameworks";
			outputFileListPaths = (
				"${PODS_ROOT}/Target Support Files/Pods-Talkshop Test Demo/Pods-Talkshop Test Demo-frameworks-${CONFIGURATION}-output-files.xcfilelist",
			);
			runOnlyForDeploymentPostprocessing = 0;
			shellPath = /bin/sh;
			shellScript = "\"${PODS_ROOT}/Target Support Files/Pods-Talkshop Test Demo/Pods-Talkshop Test Demo-frameworks.sh\"\n";
			showEnvVarsInLog = 0;
		};
/* End PBXShellScriptBuildPhase section */

/* Begin PBXSourcesBuildPhase section */
		4012F9532BEFBDA000BD5F0E /* Sources */ = {
			isa = PBXSourcesBuildPhase;
			buildActionMask = 2147483647;
			files = (
				4018E8372BF531D200C2F8DA /* RepositoryFactoryProtocol.swift in Sources */,
				4018E83D2BF532C600C2F8DA /* TSViewModelFactory.swift in Sources */,
				4012F9882BEFD8F400BD5F0E /* TSViewControllerFactoryProtocol.swift in Sources */,
				4097C0302BF665E6008FDE44 /* ResponseUser.swift in Sources */,
				4018E82D2BF5308900C2F8DA /* PostsRepositoryProtocol.swift in Sources */,
				4012F9732BEFC06900BD5F0E /* MyProfileViewController.swift in Sources */,
				4012F9862BEFD8D200BD5F0E /* TSViewControllerFactory.swift in Sources */,
				4018E8332BF5315700C2F8DA /* UseCaseFactoryProtocol.swift in Sources */,
				40DC77472BF8FAB100025AC9 /* PostMapper.swift in Sources */,
				40DC774D2BF8FF3700025AC9 /* MainFactory.swift in Sources */,
				40DC77532BF915FB00025AC9 /* UsersRepositoryProtocol.swift in Sources */,
				40DC77592BF9163500025AC9 /* FetchUsersUseCase.swift in Sources */,
				40DC775B2BF9305700025AC9 /* PostViewController.swift in Sources */,
				4018E8392BF531F800C2F8DA /* RepositoryFactory.swift in Sources */,
				4012F96F2BEFBED200BD5F0E /* TSTabViewController.swift in Sources */,
				4012F98F2BEFE03600BD5F0E /* Strings + Extension.swift in Sources */,
				4018E8282BF52F8200C2F8DA /* ResponsePost.swift in Sources */,
				4018E8262BF52F6600C2F8DA /* PostsRepository.swift in Sources */,
				40DC775D2BF9306000025AC9 /* PostViewModel.swift in Sources */,
				4018E82F2BF530CE00C2F8DA /* FetchPostsUseCaseProtocol.swift in Sources */,
				4018E83B2BF532B400C2F8DA /* TSViewModelFactoryProtocol.swift in Sources */,
				4012F95B2BEFBDA000BD5F0E /* AppDelegate.swift in Sources */,
				4012F9912BF0D0B400BD5F0E /* MyFeedViewModel.swift in Sources */,
				4018E8312BF530F400C2F8DA /* FetchPostsUseCase.swift in Sources */,
				40DC77572BF9162A00025AC9 /* FetchUsersUseCaseProtocol.swift in Sources */,
				4079169B2BF9E897009505EC /* UIAlertController + Extension.swift in Sources */,
				4012F9712BEFC05A00BD5F0E /* MyFeedViewController.swift in Sources */,
				40DC77552BF9161700025AC9 /* UsersRepository.swift in Sources */,
				4012F98A2BEFDB2D00BD5F0E /* AppStyle.swift in Sources */,
				40DC77492BF8FAB900025AC9 /* UserMapper.swift in Sources */,
				40DC774B2BF8FF2F00025AC9 /* MainFactoryProtocol.swift in Sources */,
				40DC77442BF8FA1900025AC9 /* User.swift in Sources */,
				4012F95D2BEFBDA000BD5F0E /* SceneDelegate.swift in Sources */,
				4012F9932BF0D0C600BD5F0E /* MyProfileViewModel.swift in Sources */,
				4018E8352BF5318F00C2F8DA /* UseCaseFactory.swift in Sources */,
				4097C0342BF674E5008FDE44 /* ProfileOverviewCell.swift in Sources */,
				40DC77422BF8F9E200025AC9 /* Post.swift in Sources */,
				4012F97A2BEFD31200BD5F0E /* FeedCell.swift in Sources */,
				4097C02E2BF64B38008FDE44 /* HeaderView.swift in Sources */,
			);
			runOnlyForDeploymentPostprocessing = 0;
		};
/* End PBXSourcesBuildPhase section */

/* Begin PBXVariantGroup section */
		4012F9652BEFBDA100BD5F0E /* LaunchScreen.storyboard */ = {
			isa = PBXVariantGroup;
			children = (
				4012F9662BEFBDA100BD5F0E /* Base */,
			);
			name = LaunchScreen.storyboard;
			sourceTree = "<group>";
		};
/* End PBXVariantGroup section */

/* Begin XCBuildConfiguration section */
		4012F9692BEFBDA100BD5F0E /* Debug */ = {
			isa = XCBuildConfiguration;
			buildSettings = {
				ALWAYS_SEARCH_USER_PATHS = NO;
				ASSETCATALOG_COMPILER_GENERATE_SWIFT_ASSET_SYMBOL_EXTENSIONS = YES;
				CLANG_ANALYZER_NONNULL = YES;
				CLANG_ANALYZER_NUMBER_OBJECT_CONVERSION = YES_AGGRESSIVE;
				CLANG_CXX_LANGUAGE_STANDARD = "gnu++20";
				CLANG_ENABLE_MODULES = YES;
				CLANG_ENABLE_OBJC_ARC = YES;
				CLANG_ENABLE_OBJC_WEAK = YES;
				CLANG_WARN_BLOCK_CAPTURE_AUTORELEASING = YES;
				CLANG_WARN_BOOL_CONVERSION = YES;
				CLANG_WARN_COMMA = YES;
				CLANG_WARN_CONSTANT_CONVERSION = YES;
				CLANG_WARN_DEPRECATED_OBJC_IMPLEMENTATIONS = YES;
				CLANG_WARN_DIRECT_OBJC_ISA_USAGE = YES_ERROR;
				CLANG_WARN_DOCUMENTATION_COMMENTS = YES;
				CLANG_WARN_EMPTY_BODY = YES;
				CLANG_WARN_ENUM_CONVERSION = YES;
				CLANG_WARN_INFINITE_RECURSION = YES;
				CLANG_WARN_INT_CONVERSION = YES;
				CLANG_WARN_NON_LITERAL_NULL_CONVERSION = YES;
				CLANG_WARN_OBJC_IMPLICIT_RETAIN_SELF = YES;
				CLANG_WARN_OBJC_LITERAL_CONVERSION = YES;
				CLANG_WARN_OBJC_ROOT_CLASS = YES_ERROR;
				CLANG_WARN_QUOTED_INCLUDE_IN_FRAMEWORK_HEADER = YES;
				CLANG_WARN_RANGE_LOOP_ANALYSIS = YES;
				CLANG_WARN_STRICT_PROTOTYPES = YES;
				CLANG_WARN_SUSPICIOUS_MOVE = YES;
				CLANG_WARN_UNGUARDED_AVAILABILITY = YES_AGGRESSIVE;
				CLANG_WARN_UNREACHABLE_CODE = YES;
				CLANG_WARN__DUPLICATE_METHOD_MATCH = YES;
				COPY_PHASE_STRIP = NO;
				DEBUG_INFORMATION_FORMAT = dwarf;
				ENABLE_STRICT_OBJC_MSGSEND = YES;
				ENABLE_TESTABILITY = YES;
				ENABLE_USER_SCRIPT_SANDBOXING = YES;
				GCC_C_LANGUAGE_STANDARD = gnu17;
				GCC_DYNAMIC_NO_PIC = NO;
				GCC_NO_COMMON_BLOCKS = YES;
				GCC_OPTIMIZATION_LEVEL = 0;
				GCC_PREPROCESSOR_DEFINITIONS = (
					"DEBUG=1",
					"$(inherited)",
				);
				GCC_WARN_64_TO_32_BIT_CONVERSION = YES;
				GCC_WARN_ABOUT_RETURN_TYPE = YES_ERROR;
				GCC_WARN_UNDECLARED_SELECTOR = YES;
				GCC_WARN_UNINITIALIZED_AUTOS = YES_AGGRESSIVE;
				GCC_WARN_UNUSED_FUNCTION = YES;
				GCC_WARN_UNUSED_VARIABLE = YES;
				IPHONEOS_DEPLOYMENT_TARGET = 17.4;
				LOCALIZATION_PREFERS_STRING_CATALOGS = YES;
				MTL_ENABLE_DEBUG_INFO = INCLUDE_SOURCE;
				MTL_FAST_MATH = YES;
				ONLY_ACTIVE_ARCH = YES;
				SDKROOT = iphoneos;
				SWIFT_ACTIVE_COMPILATION_CONDITIONS = "DEBUG $(inherited)";
				SWIFT_OPTIMIZATION_LEVEL = "-Onone";
			};
			name = Debug;
		};
		4012F96A2BEFBDA100BD5F0E /* Release */ = {
			isa = XCBuildConfiguration;
			buildSettings = {
				ALWAYS_SEARCH_USER_PATHS = NO;
				ASSETCATALOG_COMPILER_GENERATE_SWIFT_ASSET_SYMBOL_EXTENSIONS = YES;
				CLANG_ANALYZER_NONNULL = YES;
				CLANG_ANALYZER_NUMBER_OBJECT_CONVERSION = YES_AGGRESSIVE;
				CLANG_CXX_LANGUAGE_STANDARD = "gnu++20";
				CLANG_ENABLE_MODULES = YES;
				CLANG_ENABLE_OBJC_ARC = YES;
				CLANG_ENABLE_OBJC_WEAK = YES;
				CLANG_WARN_BLOCK_CAPTURE_AUTORELEASING = YES;
				CLANG_WARN_BOOL_CONVERSION = YES;
				CLANG_WARN_COMMA = YES;
				CLANG_WARN_CONSTANT_CONVERSION = YES;
				CLANG_WARN_DEPRECATED_OBJC_IMPLEMENTATIONS = YES;
				CLANG_WARN_DIRECT_OBJC_ISA_USAGE = YES_ERROR;
				CLANG_WARN_DOCUMENTATION_COMMENTS = YES;
				CLANG_WARN_EMPTY_BODY = YES;
				CLANG_WARN_ENUM_CONVERSION = YES;
				CLANG_WARN_INFINITE_RECURSION = YES;
				CLANG_WARN_INT_CONVERSION = YES;
				CLANG_WARN_NON_LITERAL_NULL_CONVERSION = YES;
				CLANG_WARN_OBJC_IMPLICIT_RETAIN_SELF = YES;
				CLANG_WARN_OBJC_LITERAL_CONVERSION = YES;
				CLANG_WARN_OBJC_ROOT_CLASS = YES_ERROR;
				CLANG_WARN_QUOTED_INCLUDE_IN_FRAMEWORK_HEADER = YES;
				CLANG_WARN_RANGE_LOOP_ANALYSIS = YES;
				CLANG_WARN_STRICT_PROTOTYPES = YES;
				CLANG_WARN_SUSPICIOUS_MOVE = YES;
				CLANG_WARN_UNGUARDED_AVAILABILITY = YES_AGGRESSIVE;
				CLANG_WARN_UNREACHABLE_CODE = YES;
				CLANG_WARN__DUPLICATE_METHOD_MATCH = YES;
				COPY_PHASE_STRIP = NO;
				DEBUG_INFORMATION_FORMAT = "dwarf-with-dsym";
				ENABLE_NS_ASSERTIONS = NO;
				ENABLE_STRICT_OBJC_MSGSEND = YES;
				ENABLE_USER_SCRIPT_SANDBOXING = YES;
				GCC_C_LANGUAGE_STANDARD = gnu17;
				GCC_NO_COMMON_BLOCKS = YES;
				GCC_WARN_64_TO_32_BIT_CONVERSION = YES;
				GCC_WARN_ABOUT_RETURN_TYPE = YES_ERROR;
				GCC_WARN_UNDECLARED_SELECTOR = YES;
				GCC_WARN_UNINITIALIZED_AUTOS = YES_AGGRESSIVE;
				GCC_WARN_UNUSED_FUNCTION = YES;
				GCC_WARN_UNUSED_VARIABLE = YES;
				IPHONEOS_DEPLOYMENT_TARGET = 17.4;
				LOCALIZATION_PREFERS_STRING_CATALOGS = YES;
				MTL_ENABLE_DEBUG_INFO = NO;
				MTL_FAST_MATH = YES;
				SDKROOT = iphoneos;
				SWIFT_COMPILATION_MODE = wholemodule;
				VALIDATE_PRODUCT = YES;
			};
			name = Release;
		};
		4012F96C2BEFBDA100BD5F0E /* Debug */ = {
			isa = XCBuildConfiguration;
			baseConfigurationReference = 5AFFC7DF8D89C3EFACA07FF9 /* Pods-Talkshop Test Demo.debug.xcconfig */;
			buildSettings = {
				ASSETCATALOG_COMPILER_APPICON_NAME = AppIcon;
				ASSETCATALOG_COMPILER_GLOBAL_ACCENT_COLOR_NAME = AccentColor;
				CODE_SIGN_STYLE = Automatic;
				CURRENT_PROJECT_VERSION = 1;
				DEVELOPMENT_TEAM = 9G55Z8GBRW;
				ENABLE_USER_SCRIPT_SANDBOXING = NO;
				GENERATE_INFOPLIST_FILE = YES;
				INFOPLIST_FILE = "Talkshop Test Demo/Info.plist";
				INFOPLIST_KEY_CFBundleDisplayName = "Talkshop Demo";
				INFOPLIST_KEY_LSApplicationCategoryType = "public.app-category.entertainment";
				INFOPLIST_KEY_UIApplicationSupportsIndirectInputEvents = YES;
				INFOPLIST_KEY_UILaunchStoryboardName = LaunchScreen;
				INFOPLIST_KEY_UIMainStoryboardFile = "";
				INFOPLIST_KEY_UISupportedInterfaceOrientations = "UIInterfaceOrientationLandscapeLeft UIInterfaceOrientationLandscapeRight UIInterfaceOrientationPortrait";
				INFOPLIST_KEY_UISupportedInterfaceOrientations_iPad = "UIInterfaceOrientationLandscapeLeft UIInterfaceOrientationLandscapeRight UIInterfaceOrientationPortrait UIInterfaceOrientationPortraitUpsideDown";
				IPHONEOS_DEPLOYMENT_TARGET = 17.4;
				LD_RUNPATH_SEARCH_PATHS = (
					"$(inherited)",
					"@executable_path/Frameworks",
				);
				MARKETING_VERSION = 1.0;
				PRODUCT_BUNDLE_IDENTIFIER = "com.saksham-personal.Talkshop-Test-Demo";
				PRODUCT_NAME = "$(TARGET_NAME)";
				SWIFT_EMIT_LOC_STRINGS = YES;
				SWIFT_VERSION = 5.0;
				TARGETED_DEVICE_FAMILY = "1,2";
			};
			name = Debug;
		};
		4012F96D2BEFBDA100BD5F0E /* Release */ = {
			isa = XCBuildConfiguration;
			baseConfigurationReference = 0E3876F0169F1D66815D8729 /* Pods-Talkshop Test Demo.release.xcconfig */;
			buildSettings = {
				ASSETCATALOG_COMPILER_APPICON_NAME = AppIcon;
				ASSETCATALOG_COMPILER_GLOBAL_ACCENT_COLOR_NAME = AccentColor;
				CODE_SIGN_STYLE = Automatic;
				CURRENT_PROJECT_VERSION = 1;
				DEVELOPMENT_TEAM = 9G55Z8GBRW;
				ENABLE_USER_SCRIPT_SANDBOXING = NO;
				GENERATE_INFOPLIST_FILE = YES;
				INFOPLIST_FILE = "Talkshop Test Demo/Info.plist";
				INFOPLIST_KEY_CFBundleDisplayName = "Talkshop Demo";
				INFOPLIST_KEY_LSApplicationCategoryType = "public.app-category.entertainment";
				INFOPLIST_KEY_UIApplicationSupportsIndirectInputEvents = YES;
				INFOPLIST_KEY_UILaunchStoryboardName = LaunchScreen;
				INFOPLIST_KEY_UIMainStoryboardFile = "";
				INFOPLIST_KEY_UISupportedInterfaceOrientations = "UIInterfaceOrientationLandscapeLeft UIInterfaceOrientationLandscapeRight UIInterfaceOrientationPortrait";
				INFOPLIST_KEY_UISupportedInterfaceOrientations_iPad = "UIInterfaceOrientationLandscapeLeft UIInterfaceOrientationLandscapeRight UIInterfaceOrientationPortrait UIInterfaceOrientationPortraitUpsideDown";
				IPHONEOS_DEPLOYMENT_TARGET = 17.4;
				LD_RUNPATH_SEARCH_PATHS = (
					"$(inherited)",
					"@executable_path/Frameworks",
				);
				MARKETING_VERSION = 1.0;
				PRODUCT_BUNDLE_IDENTIFIER = "com.saksham-personal.Talkshop-Test-Demo";
				PRODUCT_NAME = "$(TARGET_NAME)";
				SWIFT_EMIT_LOC_STRINGS = YES;
				SWIFT_VERSION = 5.0;
				TARGETED_DEVICE_FAMILY = "1,2";
			};
			name = Release;
		};
/* End XCBuildConfiguration section */

/* Begin XCConfigurationList section */
		4012F9522BEFBDA000BD5F0E /* Build configuration list for PBXProject "Talkshop Test Demo" */ = {
			isa = XCConfigurationList;
			buildConfigurations = (
				4012F9692BEFBDA100BD5F0E /* Debug */,
				4012F96A2BEFBDA100BD5F0E /* Release */,
			);
			defaultConfigurationIsVisible = 0;
			defaultConfigurationName = Release;
		};
		4012F96B2BEFBDA100BD5F0E /* Build configuration list for PBXNativeTarget "Talkshop Test Demo" */ = {
			isa = XCConfigurationList;
			buildConfigurations = (
				4012F96C2BEFBDA100BD5F0E /* Debug */,
				4012F96D2BEFBDA100BD5F0E /* Release */,
			);
			defaultConfigurationIsVisible = 0;
			defaultConfigurationName = Release;
		};
/* End XCConfigurationList section */
	};
	rootObject = 4012F94F2BEFBDA000BD5F0E /* Project object */;
}
