// !$*UTF8*$!
{
	archiveVersion = 1;
	classes = {
	};
	objectVersion = 56;
	objects = {

/* Begin PBXBuildFile section */
		3F463655BBE3A0A72FDAE98E /* Pods_Talkshop_Test_Demo.framework in Frameworks */ = {isa = PBXBuildFile; fileRef = 022473A571A7D8237F913131 /* Pods_Talkshop_Test_Demo.framework */; };
		4012F95B2BEFBDA000BD5F0E /* AppDelegate.swift in Sources */ = {isa = PBXBuildFile; fileRef = 4012F95A2BEFBDA000BD5F0E /* AppDelegate.swift */; };
		4012F95D2BEFBDA000BD5F0E /* SceneDelegate.swift in Sources */ = {isa = PBXBuildFile; fileRef = 4012F95C2BEFBDA000BD5F0E /* SceneDelegate.swift */; };
		4012F9642BEFBDA100BD5F0E /* Assets.xcassets in Resources */ = {isa = PBXBuildFile; fileRef = 4012F9632BEFBDA100BD5F0E /* Assets.xcassets */; };
		4012F9672BEFBDA100BD5F0E /* Base in Resources */ = {isa = PBXBuildFile; fileRef = 4012F9662BEFBDA100BD5F0E /* Base */; };
		4012F96F2BEFBED200BD5F0E /* TSTabViewController.swift in Sources */ = {isa = PBXBuildFile; fileRef = 4012F96E2BEFBED200BD5F0E /* TSTabViewController.swift */; };
		4012F9712BEFC05A00BD5F0E /* MyFeedViewController.swift in Sources */ = {isa = PBXBuildFile; fileRef = 4012F9702BEFC05A00BD5F0E /* MyFeedViewController.swift */; };
		4012F9732BEFC06900BD5F0E /* MyProfileViewController.swift in Sources */ = {isa = PBXBuildFile; fileRef = 4012F9722BEFC06900BD5F0E /* MyProfileViewController.swift */; };
		4012F97A2BEFD31200BD5F0E /* FeedCell.swift in Sources */ = {isa = PBXBuildFile; fileRef = 4012F9792BEFD31200BD5F0E /* FeedCell.swift */; };
		4012F9832BEFD7A600BD5F0E /* Main.storyboard in Resources */ = {isa = PBXBuildFile; fileRef = 4012F9822BEFD7A600BD5F0E /* Main.storyboard */; };
		4012F9862BEFD8D200BD5F0E /* TSViewControllerFactory.swift in Sources */ = {isa = PBXBuildFile; fileRef = 4012F9852BEFD8D200BD5F0E /* TSViewControllerFactory.swift */; };
		4012F9882BEFD8F400BD5F0E /* TSViewControllerFactoryProtocol.swift in Sources */ = {isa = PBXBuildFile; fileRef = 4012F9872BEFD8F400BD5F0E /* TSViewControllerFactoryProtocol.swift */; };
		4012F98A2BEFDB2D00BD5F0E /* AppStyle.swift in Sources */ = {isa = PBXBuildFile; fileRef = 4012F9892BEFDB2D00BD5F0E /* AppStyle.swift */; };
		4012F98C2BEFDF5F00BD5F0E /* Localizable.xcstrings in Resources */ = {isa = PBXBuildFile; fileRef = 4012F98B2BEFDF5F00BD5F0E /* Localizable.xcstrings */; };
		4012F98F2BEFE03600BD5F0E /* Strings + Extension.swift in Sources */ = {isa = PBXBuildFile; fileRef = 4012F98E2BEFE03600BD5F0E /* Strings + Extension.swift */; };
		4012F9912BF0D0B400BD5F0E /* MyFeedViewModel.swift in Sources */ = {isa = PBXBuildFile; fileRef = 4012F9902BF0D0B400BD5F0E /* MyFeedViewModel.swift */; };
		4012F9932BF0D0C600BD5F0E /* MyProfileViewModel.swift in Sources */ = {isa = PBXBuildFile; fileRef = 4012F9922BF0D0C600BD5F0E /* MyProfileViewModel.swift */; };
/* End PBXBuildFile section */

/* Begin PBXFileReference section */
		022473A571A7D8237F913131 /* Pods_Talkshop_Test_Demo.framework */ = {isa = PBXFileReference; explicitFileType = wrapper.framework; includeInIndex = 0; path = Pods_Talkshop_Test_Demo.framework; sourceTree = BUILT_PRODUCTS_DIR; };
		0E3876F0169F1D66815D8729 /* Pods-Talkshop Test Demo.release.xcconfig */ = {isa = PBXFileReference; includeInIndex = 1; lastKnownFileType = text.xcconfig; name = "Pods-Talkshop Test Demo.release.xcconfig"; path = "Target Support Files/Pods-Talkshop Test Demo/Pods-Talkshop Test Demo.release.xcconfig"; sourceTree = "<group>"; };
		4012F9572BEFBDA000BD5F0E /* Talkshop Test Demo.app */ = {isa = PBXFileReference; explicitFileType = wrapper.application; includeInIndex = 0; path = "Talkshop Test Demo.app"; sourceTree = BUILT_PRODUCTS_DIR; };
		4012F95A2BEFBDA000BD5F0E /* AppDelegate.swift */ = {isa = PBXFileReference; lastKnownFileType = sourcecode.swift; path = AppDelegate.swift; sourceTree = "<group>"; };
		4012F95C2BEFBDA000BD5F0E /* SceneDelegate.swift */ = {isa = PBXFileReference; lastKnownFileType = sourcecode.swift; path = SceneDelegate.swift; sourceTree = "<group>"; };
		4012F9632BEFBDA100BD5F0E /* Assets.xcassets */ = {isa = PBXFileReference; lastKnownFileType = folder.assetcatalog; path = Assets.xcassets; sourceTree = "<group>"; };
		4012F9662BEFBDA100BD5F0E /* Base */ = {isa = PBXFileReference; lastKnownFileType = file.storyboard; name = Base; path = Base.lproj/LaunchScreen.storyboard; sourceTree = "<group>"; };
		4012F9682BEFBDA100BD5F0E /* Info.plist */ = {isa = PBXFileReference; lastKnownFileType = text.plist.xml; path = Info.plist; sourceTree = "<group>"; };
		4012F96E2BEFBED200BD5F0E /* TSTabViewController.swift */ = {isa = PBXFileReference; lastKnownFileType = sourcecode.swift; path = TSTabViewController.swift; sourceTree = "<group>"; };
		4012F9702BEFC05A00BD5F0E /* MyFeedViewController.swift */ = {isa = PBXFileReference; lastKnownFileType = sourcecode.swift; path = MyFeedViewController.swift; sourceTree = "<group>"; };
		4012F9722BEFC06900BD5F0E /* MyProfileViewController.swift */ = {isa = PBXFileReference; lastKnownFileType = sourcecode.swift; path = MyProfileViewController.swift; sourceTree = "<group>"; };
		4012F9792BEFD31200BD5F0E /* FeedCell.swift */ = {isa = PBXFileReference; lastKnownFileType = sourcecode.swift; path = FeedCell.swift; sourceTree = "<group>"; };
		4012F9822BEFD7A600BD5F0E /* Main.storyboard */ = {isa = PBXFileReference; lastKnownFileType = file.storyboard; path = Main.storyboard; sourceTree = "<group>"; };
		4012F9852BEFD8D200BD5F0E /* TSViewControllerFactory.swift */ = {isa = PBXFileReference; lastKnownFileType = sourcecode.swift; path = TSViewControllerFactory.swift; sourceTree = "<group>"; };
		4012F9872BEFD8F400BD5F0E /* TSViewControllerFactoryProtocol.swift */ = {isa = PBXFileReference; lastKnownFileType = sourcecode.swift; path = TSViewControllerFactoryProtocol.swift; sourceTree = "<group>"; };
		4012F9892BEFDB2D00BD5F0E /* AppStyle.swift */ = {isa = PBXFileReference; lastKnownFileType = sourcecode.swift; path = AppStyle.swift; sourceTree = "<group>"; };
		4012F98B2BEFDF5F00BD5F0E /* Localizable.xcstrings */ = {isa = PBXFileReference; lastKnownFileType = text.json.xcstrings; path = Localizable.xcstrings; sourceTree = "<group>"; };
		4012F98E2BEFE03600BD5F0E /* Strings + Extension.swift */ = {isa = PBXFileReference; lastKnownFileType = sourcecode.swift; path = "Strings + Extension.swift"; sourceTree = "<group>"; };
		4012F9902BF0D0B400BD5F0E /* MyFeedViewModel.swift */ = {isa = PBXFileReference; lastKnownFileType = sourcecode.swift; path = MyFeedViewModel.swift; sourceTree = "<group>"; };
		4012F9922BF0D0C600BD5F0E /* MyProfileViewModel.swift */ = {isa = PBXFileReference; lastKnownFileType = sourcecode.swift; path = MyProfileViewModel.swift; sourceTree = "<group>"; };
		5AFFC7DF8D89C3EFACA07FF9 /* Pods-Talkshop Test Demo.debug.xcconfig */ = {isa = PBXFileReference; includeInIndex = 1; lastKnownFileType = text.xcconfig; name = "Pods-Talkshop Test Demo.debug.xcconfig"; path = "Target Support Files/Pods-Talkshop Test Demo/Pods-Talkshop Test Demo.debug.xcconfig"; sourceTree = "<group>"; };
/* End PBXFileReference section */

/* Begin PBXFrameworksBuildPhase section */
		4012F9542BEFBDA000BD5F0E /* Frameworks */ = {
			isa = PBXFrameworksBuildPhase;
			buildActionMask = 2147483647;
			files = (
				3F463655BBE3A0A72FDAE98E /* Pods_Talkshop_Test_Demo.framework in Frameworks */,
			);
			runOnlyForDeploymentPostprocessing = 0;
		};
/* End PBXFrameworksBuildPhase section */

/* Begin PBXGroup section */
		4012F94E2BEFBDA000BD5F0E = {
			isa = PBXGroup;
			children = (
				4012F9592BEFBDA000BD5F0E /* Talkshop Test Demo */,
				4012F9582BEFBDA000BD5F0E /* Products */,
				F1DDB5171817B5D3F557CCCE /* Pods */,
				E08043E90A5DC6171208BC87 /* Frameworks */,
			);
			sourceTree = "<group>";
		};
		4012F9582BEFBDA000BD5F0E /* Products */ = {
			isa = PBXGroup;
			children = (
				4012F9572BEFBDA000BD5F0E /* Talkshop Test Demo.app */,
			);
			name = Products;
			sourceTree = "<group>";
		};
		4012F9592BEFBDA000BD5F0E /* Talkshop Test Demo */ = {
			isa = PBXGroup;
			children = (
				4012F9682BEFBDA100BD5F0E /* Info.plist */,
				4012F9842BEFD7C300BD5F0E /* Support Files */,
				4012F97D2BEFD6D400BD5F0E /* Presentation */,
				4012F97C2BEFD6CB00BD5F0E /* Domain */,
				4012F97B2BEFD6C600BD5F0E /* Data */,
				4012F95A2BEFBDA000BD5F0E /* AppDelegate.swift */,
				4012F95C2BEFBDA000BD5F0E /* SceneDelegate.swift */,
			);
			path = "Talkshop Test Demo";
			sourceTree = "<group>";
		};
		4012F9762BEFD2C700BD5F0E /* Custom Views */ = {
			isa = PBXGroup;
			children = (
				4012F9782BEFD2E400BD5F0E /* Headers */,
				4012F9772BEFD2DC00BD5F0E /* Cells */,
			);
			path = "Custom Views";
			sourceTree = "<group>";
		};
		4012F9772BEFD2DC00BD5F0E /* Cells */ = {
			isa = PBXGroup;
			children = (
				4012F9792BEFD31200BD5F0E /* FeedCell.swift */,
			);
			path = Cells;
			sourceTree = "<group>";
		};
		4012F9782BEFD2E400BD5F0E /* Headers */ = {
			isa = PBXGroup;
			children = (
			);
			path = Headers;
			sourceTree = "<group>";
		};
		4012F97B2BEFD6C600BD5F0E /* Data */ = {
			isa = PBXGroup;
			children = (
			);
			path = Data;
			sourceTree = "<group>";
		};
		4012F97C2BEFD6CB00BD5F0E /* Domain */ = {
			isa = PBXGroup;
			children = (
			);
			path = Domain;
			sourceTree = "<group>";
		};
		4012F97D2BEFD6D400BD5F0E /* Presentation */ = {
			isa = PBXGroup;
			children = (
				4012F9762BEFD2C700BD5F0E /* Custom Views */,
				4012F97F2BEFD72100BD5F0E /* Features */,
				4012F97E2BEFD71300BD5F0E /* Factories */,
			);
			path = Presentation;
			sourceTree = "<group>";
		};
		4012F97E2BEFD71300BD5F0E /* Factories */ = {
			isa = PBXGroup;
			children = (
				4012F9852BEFD8D200BD5F0E /* TSViewControllerFactory.swift */,
				4012F9872BEFD8F400BD5F0E /* TSViewControllerFactoryProtocol.swift */,
			);
			path = Factories;
			sourceTree = "<group>";
		};
		4012F97F2BEFD72100BD5F0E /* Features */ = {
			isa = PBXGroup;
			children = (
				4012F96E2BEFBED200BD5F0E /* TSTabViewController.swift */,
				4012F9812BEFD73400BD5F0E /* My Profile */,
				4012F9802BEFD72B00BD5F0E /* My Feed */,
			);
			path = Features;
			sourceTree = "<group>";
		};
		4012F9802BEFD72B00BD5F0E /* My Feed */ = {
			isa = PBXGroup;
			children = (
				4012F9702BEFC05A00BD5F0E /* MyFeedViewController.swift */,
				4012F9902BF0D0B400BD5F0E /* MyFeedViewModel.swift */,
			);
			path = "My Feed";
			sourceTree = "<group>";
		};
		4012F9812BEFD73400BD5F0E /* My Profile */ = {
			isa = PBXGroup;
			children = (
				4012F9722BEFC06900BD5F0E /* MyProfileViewController.swift */,
				4012F9922BF0D0C600BD5F0E /* MyProfileViewModel.swift */,
			);
			path = "My Profile";
			sourceTree = "<group>";
		};
		4012F9842BEFD7C300BD5F0E /* Support Files */ = {
			isa = PBXGroup;
			children = (
				4012F98D2BEFE02600BD5F0E /* Extensions */,
				4012F9632BEFBDA100BD5F0E /* Assets.xcassets */,
				4012F9652BEFBDA100BD5F0E /* LaunchScreen.storyboard */,
				4012F9822BEFD7A600BD5F0E /* Main.storyboard */,
				4012F9892BEFDB2D00BD5F0E /* AppStyle.swift */,
				4012F98B2BEFDF5F00BD5F0E /* Localizable.xcstrings */,
			);
			path = "Support Files";
			sourceTree = "<group>";
		};
		4012F98D2BEFE02600BD5F0E /* Extensions */ = {
			isa = PBXGroup;
			children = (
				4012F98E2BEFE03600BD5F0E /* Strings + Extension.swift */,
			);
			path = Extensions;
			sourceTree = "<group>";
		};
		E08043E90A5DC6171208BC87 /* Frameworks */ = {
			isa = PBXGroup;
			children = (
				022473A571A7D8237F913131 /* Pods_Talkshop_Test_Demo.framework */,
			);
			name = Frameworks;
			sourceTree = "<group>";
		};
		F1DDB5171817B5D3F557CCCE /* Pods */ = {
			isa = PBXGroup;
			children = (
				5AFFC7DF8D89C3EFACA07FF9 /* Pods-Talkshop Test Demo.debug.xcconfig */,
				0E3876F0169F1D66815D8729 /* Pods-Talkshop Test Demo.release.xcconfig */,
			);
			path = Pods;
			sourceTree = "<group>";
		};
/* End PBXGroup section */

/* Begin PBXNativeTarget section */
		4012F9562BEFBDA000BD5F0E /* Talkshop Test Demo */ = {
			isa = PBXNativeTarget;
			buildConfigurationList = 4012F96B2BEFBDA100BD5F0E /* Build configuration list for PBXNativeTarget "Talkshop Test Demo" */;
			buildPhases = (
				5CC0A12373CCB2A108AC80AD /* [CP] Check Pods Manifest.lock */,
				4012F9532BEFBDA000BD5F0E /* Sources */,
				4012F9542BEFBDA000BD5F0E /* Frameworks */,
				4012F9552BEFBDA000BD5F0E /* Resources */,
				A048486679340DE67798E509 /* [CP] Embed Pods Frameworks */,
			);
			buildRules = (
			);
			dependencies = (
			);
			name = "Talkshop Test Demo";
			productName = "Talkshop Test Demo";
			productReference = 4012F9572BEFBDA000BD5F0E /* Talkshop Test Demo.app */;
			productType = "com.apple.product-type.application";
		};
/* End PBXNativeTarget section */

/* Begin PBXProject section */
		4012F94F2BEFBDA000BD5F0E /* Project object */ = {
			isa = PBXProject;
			attributes = {
				BuildIndependentTargetsInParallel = 1;
				LastSwiftUpdateCheck = 1530;
				LastUpgradeCheck = 1530;
				TargetAttributes = {
					4012F9562BEFBDA000BD5F0E = {
						CreatedOnToolsVersion = 15.3;
					};
				};
			};
			buildConfigurationList = 4012F9522BEFBDA000BD5F0E /* Build configuration list for PBXProject "Talkshop Test Demo" */;
			compatibilityVersion = "Xcode 14.0";
			developmentRegion = en;
			hasScannedForEncodings = 0;
			knownRegions = (
				en,
				Base,
			);
			mainGroup = 4012F94E2BEFBDA000BD5F0E;
			productRefGroup = 4012F9582BEFBDA000BD5F0E /* Products */;
			projectDirPath = "";
			projectRoot = "";
			targets = (
				4012F9562BEFBDA000BD5F0E /* Talkshop Test Demo */,
			);
		};
/* End PBXProject section */

/* Begin PBXResourcesBuildPhase section */
		4012F9552BEFBDA000BD5F0E /* Resources */ = {
			isa = PBXResourcesBuildPhase;
			buildActionMask = 2147483647;
			files = (
				4012F9832BEFD7A600BD5F0E /* Main.storyboard in Resources */,
				4012F9642BEFBDA100BD5F0E /* Assets.xcassets in Resources */,
				4012F98C2BEFDF5F00BD5F0E /* Localizable.xcstrings in Resources */,
				4012F9672BEFBDA100BD5F0E /* Base in Resources */,
			);
			runOnlyForDeploymentPostprocessing = 0;
		};
/* End PBXResourcesBuildPhase section */

/* Begin PBXShellScriptBuildPhase section */
		5CC0A12373CCB2A108AC80AD /* [CP] Check Pods Manifest.lock */ = {
			isa = PBXShellScriptBuildPhase;
			buildActionMask = 2147483647;
			files = (
			);
			inputFileListPaths = (
			);
			inputPaths = (
				"${PODS_PODFILE_DIR_PATH}/Podfile.lock",
				"${PODS_ROOT}/Manifest.lock",
			);
			name = "[CP] Check Pods Manifest.lock";
			outputFileListPaths = (
			);
			outputPaths = (
				"$(DERIVED_FILE_DIR)/Pods-Talkshop Test Demo-checkManifestLockResult.txt",
			);
			runOnlyForDeploymentPostprocessing = 0;
			shellPath = /bin/sh;
			shellScript = "diff \"${PODS_PODFILE_DIR_PATH}/Podfile.lock\" \"${PODS_ROOT}/Manifest.lock\" > /dev/null\nif [ $? != 0 ] ; then\n    # print error to STDERR\n    echo \"error: The sandbox is not in sync with the Podfile.lock. Run 'pod install' or update your CocoaPods installation.\" >&2\n    exit 1\nfi\n# This output is used by Xcode 'outputs' to avoid re-running this script phase.\necho \"SUCCESS\" > \"${SCRIPT_OUTPUT_FILE_0}\"\n";
			showEnvVarsInLog = 0;
		};
		A048486679340DE67798E509 /* [CP] Embed Pods Frameworks */ = {
			isa = PBXShellScriptBuildPhase;
			buildActionMask = 2147483647;
			files = (
			);
			inputFileListPaths = (
				"${PODS_ROOT}/Target Support Files/Pods-Talkshop Test Demo/Pods-Talkshop Test Demo-frameworks-${CONFIGURATION}-input-files.xcfilelist",
			);
			name = "[CP] Embed Pods Frameworks";
			outputFileListPaths = (
				"${PODS_ROOT}/Target Support Files/Pods-Talkshop Test Demo/Pods-Talkshop Test Demo-frameworks-${CONFIGURATION}-output-files.xcfilelist",
			);
			runOnlyForDeploymentPostprocessing = 0;
			shellPath = /bin/sh;
			shellScript = "\"${PODS_ROOT}/Target Support Files/Pods-Talkshop Test Demo/Pods-Talkshop Test Demo-frameworks.sh\"\n";
			showEnvVarsInLog = 0;
		};
/* End PBXShellScriptBuildPhase section */

/* Begin PBXSourcesBuildPhase section */
		4012F9532BEFBDA000BD5F0E /* Sources */ = {
			isa = PBXSourcesBuildPhase;
			buildActionMask = 2147483647;
			files = (
				4012F9882BEFD8F400BD5F0E /* TSViewControllerFactoryProtocol.swift in Sources */,
				4012F9732BEFC06900BD5F0E /* MyProfileViewController.swift in Sources */,
				4012F9862BEFD8D200BD5F0E /* TSViewControllerFactory.swift in Sources */,
				4012F96F2BEFBED200BD5F0E /* TSTabViewController.swift in Sources */,
				4012F98F2BEFE03600BD5F0E /* Strings + Extension.swift in Sources */,
				4012F95B2BEFBDA000BD5F0E /* AppDelegate.swift in Sources */,
				4012F9912BF0D0B400BD5F0E /* MyFeedViewModel.swift in Sources */,
				4012F9712BEFC05A00BD5F0E /* MyFeedViewController.swift in Sources */,
				4012F98A2BEFDB2D00BD5F0E /* AppStyle.swift in Sources */,
				4012F95D2BEFBDA000BD5F0E /* SceneDelegate.swift in Sources */,
				4012F9932BF0D0C600BD5F0E /* MyProfileViewModel.swift in Sources */,
				4012F97A2BEFD31200BD5F0E /* FeedCell.swift in Sources */,
			);
			runOnlyForDeploymentPostprocessing = 0;
		};
/* End PBXSourcesBuildPhase section */

/* Begin PBXVariantGroup section */
		4012F9652BEFBDA100BD5F0E /* LaunchScreen.storyboard */ = {
			isa = PBXVariantGroup;
			children = (
				4012F9662BEFBDA100BD5F0E /* Base */,
			);
			name = LaunchScreen.storyboard;
			sourceTree = "<group>";
		};
/* End PBXVariantGroup section */

/* Begin XCBuildConfiguration section */
		4012F9692BEFBDA100BD5F0E /* Debug */ = {
			isa = XCBuildConfiguration;
			buildSettings = {
				ALWAYS_SEARCH_USER_PATHS = NO;
				ASSETCATALOG_COMPILER_GENERATE_SWIFT_ASSET_SYMBOL_EXTENSIONS = YES;
				CLANG_ANALYZER_NONNULL = YES;
				CLANG_ANALYZER_NUMBER_OBJECT_CONVERSION = YES_AGGRESSIVE;
				CLANG_CXX_LANGUAGE_STANDARD = "gnu++20";
				CLANG_ENABLE_MODULES = YES;
				CLANG_ENABLE_OBJC_ARC = YES;
				CLANG_ENABLE_OBJC_WEAK = YES;
				CLANG_WARN_BLOCK_CAPTURE_AUTORELEASING = YES;
				CLANG_WARN_BOOL_CONVERSION = YES;
				CLANG_WARN_COMMA = YES;
				CLANG_WARN_CONSTANT_CONVERSION = YES;
				CLANG_WARN_DEPRECATED_OBJC_IMPLEMENTATIONS = YES;
				CLANG_WARN_DIRECT_OBJC_ISA_USAGE = YES_ERROR;
				CLANG_WARN_DOCUMENTATION_COMMENTS = YES;
				CLANG_WARN_EMPTY_BODY = YES;
				CLANG_WARN_ENUM_CONVERSION = YES;
				CLANG_WARN_INFINITE_RECURSION = YES;
				CLANG_WARN_INT_CONVERSION = YES;
				CLANG_WARN_NON_LITERAL_NULL_CONVERSION = YES;
				CLANG_WARN_OBJC_IMPLICIT_RETAIN_SELF = YES;
				CLANG_WARN_OBJC_LITERAL_CONVERSION = YES;
				CLANG_WARN_OBJC_ROOT_CLASS = YES_ERROR;
				CLANG_WARN_QUOTED_INCLUDE_IN_FRAMEWORK_HEADER = YES;
				CLANG_WARN_RANGE_LOOP_ANALYSIS = YES;
				CLANG_WARN_STRICT_PROTOTYPES = YES;
				CLANG_WARN_SUSPICIOUS_MOVE = YES;
				CLANG_WARN_UNGUARDED_AVAILABILITY = YES_AGGRESSIVE;
				CLANG_WARN_UNREACHABLE_CODE = YES;
				CLANG_WARN__DUPLICATE_METHOD_MATCH = YES;
				COPY_PHASE_STRIP = NO;
				DEBUG_INFORMATION_FORMAT = dwarf;
				ENABLE_STRICT_OBJC_MSGSEND = YES;
				ENABLE_TESTABILITY = YES;
				ENABLE_USER_SCRIPT_SANDBOXING = YES;
				GCC_C_LANGUAGE_STANDARD = gnu17;
				GCC_DYNAMIC_NO_PIC = NO;
				GCC_NO_COMMON_BLOCKS = YES;
				GCC_OPTIMIZATION_LEVEL = 0;
				GCC_PREPROCESSOR_DEFINITIONS = (
					"DEBUG=1",
					"$(inherited)",
				);
				GCC_WARN_64_TO_32_BIT_CONVERSION = YES;
				GCC_WARN_ABOUT_RETURN_TYPE = YES_ERROR;
				GCC_WARN_UNDECLARED_SELECTOR = YES;
				GCC_WARN_UNINITIALIZED_AUTOS = YES_AGGRESSIVE;
				GCC_WARN_UNUSED_FUNCTION = YES;
				GCC_WARN_UNUSED_VARIABLE = YES;
				IPHONEOS_DEPLOYMENT_TARGET = 17.4;
				LOCALIZATION_PREFERS_STRING_CATALOGS = YES;
				MTL_ENABLE_DEBUG_INFO = INCLUDE_SOURCE;
				MTL_FAST_MATH = YES;
				ONLY_ACTIVE_ARCH = YES;
				SDKROOT = iphoneos;
				SWIFT_ACTIVE_COMPILATION_CONDITIONS = "DEBUG $(inherited)";
				SWIFT_OPTIMIZATION_LEVEL = "-Onone";
			};
			name = Debug;
		};
		4012F96A2BEFBDA100BD5F0E /* Release */ = {
			isa = XCBuildConfiguration;
			buildSettings = {
				ALWAYS_SEARCH_USER_PATHS = NO;
				ASSETCATALOG_COMPILER_GENERATE_SWIFT_ASSET_SYMBOL_EXTENSIONS = YES;
				CLANG_ANALYZER_NONNULL = YES;
				CLANG_ANALYZER_NUMBER_OBJECT_CONVERSION = YES_AGGRESSIVE;
				CLANG_CXX_LANGUAGE_STANDARD = "gnu++20";
				CLANG_ENABLE_MODULES = YES;
				CLANG_ENABLE_OBJC_ARC = YES;
				CLANG_ENABLE_OBJC_WEAK = YES;
				CLANG_WARN_BLOCK_CAPTURE_AUTORELEASING = YES;
				CLANG_WARN_BOOL_CONVERSION = YES;
				CLANG_WARN_COMMA = YES;
				CLANG_WARN_CONSTANT_CONVERSION = YES;
				CLANG_WARN_DEPRECATED_OBJC_IMPLEMENTATIONS = YES;
				CLANG_WARN_DIRECT_OBJC_ISA_USAGE = YES_ERROR;
				CLANG_WARN_DOCUMENTATION_COMMENTS = YES;
				CLANG_WARN_EMPTY_BODY = YES;
				CLANG_WARN_ENUM_CONVERSION = YES;
				CLANG_WARN_INFINITE_RECURSION = YES;
				CLANG_WARN_INT_CONVERSION = YES;
				CLANG_WARN_NON_LITERAL_NULL_CONVERSION = YES;
				CLANG_WARN_OBJC_IMPLICIT_RETAIN_SELF = YES;
				CLANG_WARN_OBJC_LITERAL_CONVERSION = YES;
				CLANG_WARN_OBJC_ROOT_CLASS = YES_ERROR;
				CLANG_WARN_QUOTED_INCLUDE_IN_FRAMEWORK_HEADER = YES;
				CLANG_WARN_RANGE_LOOP_ANALYSIS = YES;
				CLANG_WARN_STRICT_PROTOTYPES = YES;
				CLANG_WARN_SUSPICIOUS_MOVE = YES;
				CLANG_WARN_UNGUARDED_AVAILABILITY = YES_AGGRESSIVE;
				CLANG_WARN_UNREACHABLE_CODE = YES;
				CLANG_WARN__DUPLICATE_METHOD_MATCH = YES;
				COPY_PHASE_STRIP = NO;
				DEBUG_INFORMATION_FORMAT = "dwarf-with-dsym";
				ENABLE_NS_ASSERTIONS = NO;
				ENABLE_STRICT_OBJC_MSGSEND = YES;
				ENABLE_USER_SCRIPT_SANDBOXING = YES;
				GCC_C_LANGUAGE_STANDARD = gnu17;
				GCC_NO_COMMON_BLOCKS = YES;
				GCC_WARN_64_TO_32_BIT_CONVERSION = YES;
				GCC_WARN_ABOUT_RETURN_TYPE = YES_ERROR;
				GCC_WARN_UNDECLARED_SELECTOR = YES;
				GCC_WARN_UNINITIALIZED_AUTOS = YES_AGGRESSIVE;
				GCC_WARN_UNUSED_FUNCTION = YES;
				GCC_WARN_UNUSED_VARIABLE = YES;
				IPHONEOS_DEPLOYMENT_TARGET = 17.4;
				LOCALIZATION_PREFERS_STRING_CATALOGS = YES;
				MTL_ENABLE_DEBUG_INFO = NO;
				MTL_FAST_MATH = YES;
				SDKROOT = iphoneos;
				SWIFT_COMPILATION_MODE = wholemodule;
				VALIDATE_PRODUCT = YES;
			};
			name = Release;
		};
		4012F96C2BEFBDA100BD5F0E /* Debug */ = {
			isa = XCBuildConfiguration;
			baseConfigurationReference = 5AFFC7DF8D89C3EFACA07FF9 /* Pods-Talkshop Test Demo.debug.xcconfig */;
			buildSettings = {
				ASSETCATALOG_COMPILER_APPICON_NAME = AppIcon;
				ASSETCATALOG_COMPILER_GLOBAL_ACCENT_COLOR_NAME = AccentColor;
				CODE_SIGN_STYLE = Automatic;
				CURRENT_PROJECT_VERSION = 1;
				DEVELOPMENT_TEAM = 9G55Z8GBRW;
				ENABLE_USER_SCRIPT_SANDBOXING = NO;
				GENERATE_INFOPLIST_FILE = YES;
				INFOPLIST_FILE = "Talkshop Test Demo/Info.plist";
				INFOPLIST_KEY_UIApplicationSupportsIndirectInputEvents = YES;
				INFOPLIST_KEY_UILaunchStoryboardName = LaunchScreen;
				INFOPLIST_KEY_UIMainStoryboardFile = Main;
				INFOPLIST_KEY_UISupportedInterfaceOrientations_iPad = "UIInterfaceOrientationPortrait UIInterfaceOrientationPortraitUpsideDown UIInterfaceOrientationLandscapeLeft UIInterfaceOrientationLandscapeRight";
				INFOPLIST_KEY_UISupportedInterfaceOrientations_iPhone = "UIInterfaceOrientationPortrait UIInterfaceOrientationLandscapeLeft UIInterfaceOrientationLandscapeRight";
				LD_RUNPATH_SEARCH_PATHS = (
					"$(inherited)",
					"@executable_path/Frameworks",
				);
				MARKETING_VERSION = 1.0;
				PRODUCT_BUNDLE_IDENTIFIER = "com.saksham-personal.Talkshop-Test-Demo";
				PRODUCT_NAME = "$(TARGET_NAME)";
				SWIFT_EMIT_LOC_STRINGS = YES;
				SWIFT_VERSION = 5.0;
				TARGETED_DEVICE_FAMILY = "1,2";
			};
			name = Debug;
		};
		4012F96D2BEFBDA100BD5F0E /* Release */ = {
			isa = XCBuildConfiguration;
			baseConfigurationReference = 0E3876F0169F1D66815D8729 /* Pods-Talkshop Test Demo.release.xcconfig */;
			buildSettings = {
				ASSETCATALOG_COMPILER_APPICON_NAME = AppIcon;
				ASSETCATALOG_COMPILER_GLOBAL_ACCENT_COLOR_NAME = AccentColor;
				CODE_SIGN_STYLE = Automatic;
				CURRENT_PROJECT_VERSION = 1;
				DEVELOPMENT_TEAM = 9G55Z8GBRW;
				ENABLE_USER_SCRIPT_SANDBOXING = NO;
				GENERATE_INFOPLIST_FILE = YES;
				INFOPLIST_FILE = "Talkshop Test Demo/Info.plist";
				INFOPLIST_KEY_UIApplicationSupportsIndirectInputEvents = YES;
				INFOPLIST_KEY_UILaunchStoryboardName = LaunchScreen;
				INFOPLIST_KEY_UIMainStoryboardFile = Main;
				INFOPLIST_KEY_UISupportedInterfaceOrientations_iPad = "UIInterfaceOrientationPortrait UIInterfaceOrientationPortraitUpsideDown UIInterfaceOrientationLandscapeLeft UIInterfaceOrientationLandscapeRight";
				INFOPLIST_KEY_UISupportedInterfaceOrientations_iPhone = "UIInterfaceOrientationPortrait UIInterfaceOrientationLandscapeLeft UIInterfaceOrientationLandscapeRight";
				LD_RUNPATH_SEARCH_PATHS = (
					"$(inherited)",
					"@executable_path/Frameworks",
				);
				MARKETING_VERSION = 1.0;
				PRODUCT_BUNDLE_IDENTIFIER = "com.saksham-personal.Talkshop-Test-Demo";
				PRODUCT_NAME = "$(TARGET_NAME)";
				SWIFT_EMIT_LOC_STRINGS = YES;
				SWIFT_VERSION = 5.0;
				TARGETED_DEVICE_FAMILY = "1,2";
			};
			name = Release;
		};
/* End XCBuildConfiguration section */

/* Begin XCConfigurationList section */
		4012F9522BEFBDA000BD5F0E /* Build configuration list for PBXProject "Talkshop Test Demo" */ = {
			isa = XCConfigurationList;
			buildConfigurations = (
				4012F9692BEFBDA100BD5F0E /* Debug */,
				4012F96A2BEFBDA100BD5F0E /* Release */,
			);
			defaultConfigurationIsVisible = 0;
			defaultConfigurationName = Release;
		};
		4012F96B2BEFBDA100BD5F0E /* Build configuration list for PBXNativeTarget "Talkshop Test Demo" */ = {
			isa = XCConfigurationList;
			buildConfigurations = (
				4012F96C2BEFBDA100BD5F0E /* Debug */,
				4012F96D2BEFBDA100BD5F0E /* Release */,
			);
			defaultConfigurationIsVisible = 0;
			defaultConfigurationName = Release;
		};
/* End XCConfigurationList section */
	};
	rootObject = 4012F94F2BEFBDA000BD5F0E /* Project object */;
}
